
Microsoft Visual Studio Solution File, Format Version 12.00
# Visual Studio Version 17
VisualStudioVersion = 17.6.33829.357
MinimumVisualStudioVersion = 10.0.40219.1
Project("{FAE04EC0-301F-11D3-BF4B-00C04F79EFBC}") = "N_Unit_Project", "N_Unit_Project\N_Unit_Project.csproj", "{0B5D7487-4373-4418-BB88-5A1DE0EDA497}"
EndProject
Global
	GlobalSection(SolutionConfigurationPlatforms) = preSolution
		Debug|Any CPU = Debug|Any CPU
		Release|Any CPU = Release|Any CPU
	EndGlobalSection
	GlobalSection(ProjectConfigurationPlatforms) = postSolution
		{0B5D7487-4373-4418-BB88-5A1DE0EDA497}.Debug|Any CPU.ActiveCfg = Debug|Any CPU
		{0B5D7487-4373-4418-BB88-5A1DE0EDA497}.Debug|Any CPU.Build.0 = Debug|Any CPU
		{0B5D7487-4373-4418-BB88-5A1DE0EDA497}.Release|Any CPU.ActiveCfg = Release|Any CPU
		{0B5D7487-4373-4418-BB88-5A1DE0EDA497}.Release|Any CPU.Build.0 = Release|Any CPU
	EndGlobalSection
	GlobalSection(SolutionProperties) = preSolution
		HideSolutionNode = FALSE
	EndGlobalSection
	GlobalSection(ExtensibilityGlobals) = postSolution
		SolutionGuid = {0CC416CC-9939-4FAC-A01D-14502FF4D4D9}
	EndGlobalSection
EndGlobal
